# This file is generated by running "yarn install" inside your project.
# Manual changes might be lost - proceed with caution!

__metadata:
  version: 7
  cacheKey: 9

"230213_learning01_frontend@workspace:.":
  version: 0.0.0-use.local
  resolution: "230213_learning01_frontend@workspace:."
  dependencies:
    "@prisma/client": "npm:^4.10.1"
    prisma: "npm:^4.10.1"
  languageName: unknown
  linkType: soft

"@prisma/client@npm:^4.10.1":
  version: 4.10.1
  resolution: "@prisma/client@npm:4.10.1"
  dependencies:
    "@prisma/engines-version": "npm:4.10.1-2.aead147aa326ccb985dcfed5b065b4fdabd44b19"
  peerDependencies:
    prisma: "*"
  peerDependenciesMeta:
    prisma:
      optional: true
  checksum: ff6a8ff74a8cc3a7f2415dd92f36ad4ccc8ce42bee78cd7c3351702f9b10fc6db67a4cea2791359b57adcdc04a353b3ac9f06ace1316e473854a7ba599a2507f
  languageName: node
  linkType: hard

"@prisma/engines-version@npm:4.10.1-2.aead147aa326ccb985dcfed5b065b4fdabd44b19":
  version: 4.10.1-2.aead147aa326ccb985dcfed5b065b4fdabd44b19
  resolution: "@prisma/engines-version@npm:4.10.1-2.aead147aa326ccb985dcfed5b065b4fdabd44b19"
  checksum: 5b4e1a4338a3f39e5e339714c7c950dfac9045edf435599434787d905bd79b9be904aab5540378fd70647481f7427af8159b364038ad41486d4f850e7c0cc7f4
  languageName: node
  linkType: hard

"@prisma/engines@npm:4.10.1":
  version: 4.10.1
  resolution: "@prisma/engines@npm:4.10.1"
  checksum: 9e421ba06056794ff019311bc2133f2aee1b0f8f82b300d78e59028713da32a4c62faa501f782581876fa16533764a2b4c79ac6dbb25dd8e5bd3e9312ba0a4fe
  languageName: node
  linkType: hard

"prisma@npm:^4.10.1":
  version: 4.10.1
  resolution: "prisma@npm:4.10.1"
  dependencies:
    "@prisma/engines": "npm:4.10.1"
  bin:
    prisma: build/index.js
    prisma2: build/index.js
  checksum: 1441479ff8bff04183dbb1d71012d65853cf3d33a0516ba8bcaa803b53da80b061a910394f9d9c28563774f88316572e8b716d1db16636ac00616427c04080cc
  languageName: node
  linkType: hard
